
Microsoft Visual Studio Solution File, Format Version 12.00
# Visual Studio Version 17
VisualStudioVersion = 17.5.2.0
MinimumVisualStudioVersion = 10.0.40219.1
Project("{FAE04EC0-301F-11D3-BF4B-00C04F79EFBC}") = "EmployeeApi", "EmployeeApi\EmployeeApi.csproj", "{4686858A-79BD-241B-34C0-6252D9B60DFE}"
EndProject
Project("{FAE04EC0-301F-11D3-BF4B-00C04F79EFBC}") = "EmployeeApi.Tests", "EmployeeApi.Tests\EmployeeApi.Tests.csproj", "{3DCB8B13-53ED-4550-9D85-3FF7C1699CA9}"
EndProject
Global
	GlobalSection(SolutionConfigurationPlatforms) = preSolution
		Debug|Any CPU = Debug|Any CPU
		Debug|x64 = Debug|x64
		Debug|x86 = Debug|x86
		Release|Any CPU = Release|Any CPU
		Release|x64 = Release|x64
		Release|x86 = Release|x86
	EndGlobalSection
	GlobalSection(ProjectConfigurationPlatforms) = postSolution
		{4686858A-79BD-241B-34C0-6252D9B60DFE}.Debug|Any CPU.ActiveCfg = Debug|Any CPU
		{4686858A-79BD-241B-34C0-6252D9B60DFE}.Debug|Any CPU.Build.0 = Debug|Any CPU
		{4686858A-79BD-241B-34C0-6252D9B60DFE}.Debug|x64.ActiveCfg = Debug|Any CPU
		{4686858A-79BD-241B-34C0-6252D9B60DFE}.Debug|x64.Build.0 = Debug|Any CPU
		{4686858A-79BD-241B-34C0-6252D9B60DFE}.Debug|x86.ActiveCfg = Debug|Any CPU
		{4686858A-79BD-241B-34C0-6252D9B60DFE}.Debug|x86.Build.0 = Debug|Any CPU
		{4686858A-79BD-241B-34C0-6252D9B60DFE}.Release|Any CPU.ActiveCfg = Release|Any CPU
		{4686858A-79BD-241B-34C0-6252D9B60DFE}.Release|Any CPU.Build.0 = Release|Any CPU
		{4686858A-79BD-241B-34C0-6252D9B60DFE}.Release|x64.ActiveCfg = Release|Any CPU
		{4686858A-79BD-241B-34C0-6252D9B60DFE}.Release|x64.Build.0 = Release|Any CPU
		{4686858A-79BD-241B-34C0-6252D9B60DFE}.Release|x86.ActiveCfg = Release|Any CPU
		{4686858A-79BD-241B-34C0-6252D9B60DFE}.Release|x86.Build.0 = Release|Any CPU
		{3DCB8B13-53ED-4550-9D85-3FF7C1699CA9}.Debug|Any CPU.ActiveCfg = Debug|Any CPU
		{3DCB8B13-53ED-4550-9D85-3FF7C1699CA9}.Debug|Any CPU.Build.0 = Debug|Any CPU
		{3DCB8B13-53ED-4550-9D85-3FF7C1699CA9}.Debug|x64.ActiveCfg = Debug|Any CPU
		{3DCB8B13-53ED-4550-9D85-3FF7C1699CA9}.Debug|x64.Build.0 = Debug|Any CPU
		{3DCB8B13-53ED-4550-9D85-3FF7C1699CA9}.Debug|x86.ActiveCfg = Debug|Any CPU
		{3DCB8B13-53ED-4550-9D85-3FF7C1699CA9}.Debug|x86.Build.0 = Debug|Any CPU
		{3DCB8B13-53ED-4550-9D85-3FF7C1699CA9}.Release|Any CPU.ActiveCfg = Release|Any CPU
		{3DCB8B13-53ED-4550-9D85-3FF7C1699CA9}.Release|Any CPU.Build.0 = Release|Any CPU
		{3DCB8B13-53ED-4550-9D85-3FF7C1699CA9}.Release|x64.ActiveCfg = Release|Any CPU
		{3DCB8B13-53ED-4550-9D85-3FF7C1699CA9}.Release|x64.Build.0 = Release|Any CPU
		{3DCB8B13-53ED-4550-9D85-3FF7C1699CA9}.Release|x86.ActiveCfg = Release|Any CPU
		{3DCB8B13-53ED-4550-9D85-3FF7C1699CA9}.Release|x86.Build.0 = Release|Any CPU
	EndGlobalSection
	GlobalSection(SolutionProperties) = preSolution
		HideSolutionNode = FALSE
	EndGlobalSection
	GlobalSection(ExtensibilityGlobals) = postSolution
		SolutionGuid = {1F6525FA-6326-4337-A268-6E24071FB525}
	EndGlobalSection
EndGlobal
